
Microsoft Visual Studio Solution File, Format Version 12.00
# Visual Studio Version 17
VisualStudioVersion = 17.10.35013.160
MinimumVisualStudioVersion = 10.0.40219.1
Project("{FAE04EC0-301F-11D3-BF4B-00C04F79EFBC}") = "Sistem_Informasi_Sekolah", "Sistem_Informasi_Sekolah\Sistem_Informasi_Sekolah.csproj", "{DFB3FAFB-3077-469A-BA9A-2F0F5ABA83BF}"
EndProject
Global
	GlobalSection(SolutionConfigurationPlatforms) = preSolution
		Debug|Any CPU = Debug|Any CPU
		Release|Any CPU = Release|Any CPU
	EndGlobalSection
	GlobalSection(ProjectConfigurationPlatforms) = postSolution
		{DFB3FAFB-3077-469A-BA9A-2F0F5ABA83BF}.Debug|Any CPU.ActiveCfg = Debug|Any CPU
		{DFB3FAFB-3077-469A-BA9A-2F0F5ABA83BF}.Debug|Any CPU.Build.0 = Debug|Any CPU
		{DFB3FAFB-3077-469A-BA9A-2F0F5ABA83BF}.Release|Any CPU.ActiveCfg = Release|Any CPU
		{DFB3FAFB-3077-469A-BA9A-2F0F5ABA83BF}.Release|Any CPU.Build.0 = Release|Any CPU
	EndGlobalSection
	GlobalSection(SolutionProperties) = preSolution
		HideSolutionNode = FALSE
	EndGlobalSection
	GlobalSection(ExtensibilityGlobals) = postSolution
		SolutionGuid = {A7CC22E9-3144-45B5-9F93-8C87D98AB881}
	EndGlobalSection
EndGlobal
